
Microsoft Visual Studio Solution File, Format Version 12.00
# Visual Studio Version 16
VisualStudioVersion = 16.0.31624.102
MinimumVisualStudioVersion = 10.0.40219.1
Project("{9A19103F-16F7-4668-BE54-9A1E7A4F7556}") = "DemoBank", "DemoBank\DemoBank.csproj", "{412DC7A4-3343-4689-A00C-43DFD476DDF4}"
EndProject
Project("{2150E333-8FDC-42A3-9474-1A3956D46DE8}") = "Persistence", "Persistence", "{8CC3C8FA-FA14-49A2-8F1B-8DF9C95D7389}"
EndProject
Project("{00D1A9C2-B5F0-4AF3-8072-F6C62B433612}") = "BankDatabase", "BankDatabase\BankDatabase.sqlproj", "{52ACD991-D3B6-4AC7-BB7B-5F25CE368CE0}"
EndProject
Project("{9A19103F-16F7-4668-BE54-9A1E7A4F7556}") = "BankEntity", "BankEntity\BankEntity.csproj", "{CDC1FFC7-154A-490D-BCB1-5A471CEA9596}"
EndProject
Project("{9A19103F-16F7-4668-BE54-9A1E7A4F7556}") = "BankRepository", "BankRepository\BankRepository.csproj", "{6E1F39A1-BC4E-4BF4-957B-3DAAF9B5397C}"
EndProject
Project("{2150E333-8FDC-42A3-9474-1A3956D46DE8}") = "BusinessServices", "BusinessServices", "{B930D09B-5A06-4225-8501-60BD566FE20A}"
EndProject
Project("{9A19103F-16F7-4668-BE54-9A1E7A4F7556}") = "TransactionService", "TransactionService\TransactionService.csproj", "{2D6A5B9A-01C9-4AA5-9E5E-93F758A448FE}"
EndProject
Project("{9A19103F-16F7-4668-BE54-9A1E7A4F7556}") = "DomainModel", "DomainModel\DomainModel.csproj", "{FF2F9FD0-149C-4F03-802B-72D988F7BFF0}"
EndProject
Project("{9A19103F-16F7-4668-BE54-9A1E7A4F7556}") = "BankRepositoryTests", "BankRepositoryTests\BankRepositoryTests.csproj", "{4D8B0FDC-A9DC-4D5B-817F-EDB879D26A83}"
EndProject
Global
	GlobalSection(SolutionConfigurationPlatforms) = preSolution
		Debug|Any CPU = Debug|Any CPU
		Release|Any CPU = Release|Any CPU
	EndGlobalSection
	GlobalSection(ProjectConfigurationPlatforms) = postSolution
		{412DC7A4-3343-4689-A00C-43DFD476DDF4}.Debug|Any CPU.ActiveCfg = Debug|Any CPU
		{412DC7A4-3343-4689-A00C-43DFD476DDF4}.Debug|Any CPU.Build.0 = Debug|Any CPU
		{412DC7A4-3343-4689-A00C-43DFD476DDF4}.Release|Any CPU.ActiveCfg = Release|Any CPU
		{412DC7A4-3343-4689-A00C-43DFD476DDF4}.Release|Any CPU.Build.0 = Release|Any CPU
		{52ACD991-D3B6-4AC7-BB7B-5F25CE368CE0}.Debug|Any CPU.ActiveCfg = Debug|Any CPU
		{52ACD991-D3B6-4AC7-BB7B-5F25CE368CE0}.Debug|Any CPU.Build.0 = Debug|Any CPU
		{52ACD991-D3B6-4AC7-BB7B-5F25CE368CE0}.Debug|Any CPU.Deploy.0 = Debug|Any CPU
		{52ACD991-D3B6-4AC7-BB7B-5F25CE368CE0}.Release|Any CPU.ActiveCfg = Release|Any CPU
		{52ACD991-D3B6-4AC7-BB7B-5F25CE368CE0}.Release|Any CPU.Build.0 = Release|Any CPU
		{52ACD991-D3B6-4AC7-BB7B-5F25CE368CE0}.Release|Any CPU.Deploy.0 = Release|Any CPU
		{CDC1FFC7-154A-490D-BCB1-5A471CEA9596}.Debug|Any CPU.ActiveCfg = Debug|Any CPU
		{CDC1FFC7-154A-490D-BCB1-5A471CEA9596}.Debug|Any CPU.Build.0 = Debug|Any CPU
		{CDC1FFC7-154A-490D-BCB1-5A471CEA9596}.Release|Any CPU.ActiveCfg = Release|Any CPU
		{CDC1FFC7-154A-490D-BCB1-5A471CEA9596}.Release|Any CPU.Build.0 = Release|Any CPU
		{6E1F39A1-BC4E-4BF4-957B-3DAAF9B5397C}.Debug|Any CPU.ActiveCfg = Debug|Any CPU
		{6E1F39A1-BC4E-4BF4-957B-3DAAF9B5397C}.Debug|Any CPU.Build.0 = Debug|Any CPU
		{6E1F39A1-BC4E-4BF4-957B-3DAAF9B5397C}.Release|Any CPU.ActiveCfg = Release|Any CPU
		{6E1F39A1-BC4E-4BF4-957B-3DAAF9B5397C}.Release|Any CPU.Build.0 = Release|Any CPU
		{2D6A5B9A-01C9-4AA5-9E5E-93F758A448FE}.Debug|Any CPU.ActiveCfg = Debug|Any CPU
		{2D6A5B9A-01C9-4AA5-9E5E-93F758A448FE}.Debug|Any CPU.Build.0 = Debug|Any CPU
		{2D6A5B9A-01C9-4AA5-9E5E-93F758A448FE}.Release|Any CPU.ActiveCfg = Release|Any CPU
		{2D6A5B9A-01C9-4AA5-9E5E-93F758A448FE}.Release|Any CPU.Build.0 = Release|Any CPU
		{FF2F9FD0-149C-4F03-802B-72D988F7BFF0}.Debug|Any CPU.ActiveCfg = Debug|Any CPU
		{FF2F9FD0-149C-4F03-802B-72D988F7BFF0}.Debug|Any CPU.Build.0 = Debug|Any CPU
		{FF2F9FD0-149C-4F03-802B-72D988F7BFF0}.Release|Any CPU.ActiveCfg = Release|Any CPU
		{FF2F9FD0-149C-4F03-802B-72D988F7BFF0}.Release|Any CPU.Build.0 = Release|Any CPU
		{4D8B0FDC-A9DC-4D5B-817F-EDB879D26A83}.Debug|Any CPU.ActiveCfg = Debug|Any CPU
		{4D8B0FDC-A9DC-4D5B-817F-EDB879D26A83}.Debug|Any CPU.Build.0 = Debug|Any CPU
		{4D8B0FDC-A9DC-4D5B-817F-EDB879D26A83}.Release|Any CPU.ActiveCfg = Release|Any CPU
		{4D8B0FDC-A9DC-4D5B-817F-EDB879D26A83}.Release|Any CPU.Build.0 = Release|Any CPU
	EndGlobalSection
	GlobalSection(SolutionProperties) = preSolution
		HideSolutionNode = FALSE
	EndGlobalSection
	GlobalSection(NestedProjects) = preSolution
		{52ACD991-D3B6-4AC7-BB7B-5F25CE368CE0} = {8CC3C8FA-FA14-49A2-8F1B-8DF9C95D7389}
		{CDC1FFC7-154A-490D-BCB1-5A471CEA9596} = {8CC3C8FA-FA14-49A2-8F1B-8DF9C95D7389}
		{6E1F39A1-BC4E-4BF4-957B-3DAAF9B5397C} = {8CC3C8FA-FA14-49A2-8F1B-8DF9C95D7389}
		{2D6A5B9A-01C9-4AA5-9E5E-93F758A448FE} = {B930D09B-5A06-4225-8501-60BD566FE20A}
		{FF2F9FD0-149C-4F03-802B-72D988F7BFF0} = {B930D09B-5A06-4225-8501-60BD566FE20A}
		{4D8B0FDC-A9DC-4D5B-817F-EDB879D26A83} = {8CC3C8FA-FA14-49A2-8F1B-8DF9C95D7389}
	EndGlobalSection
	GlobalSection(ExtensibilityGlobals) = postSolution
		SolutionGuid = {C5BB32DD-83A1-4E68-ABCD-9CD8D9F1464F}
	EndGlobalSection
EndGlobal
